
Microsoft Visual Studio Solution File, Format Version 12.00
# Visual Studio 2013
VisualStudioVersion = 12.0.21005.1
MinimumVisualStudioVersion = 10.0.40219.1
Project("{2150E333-8FDC-42A3-9474-1A3956D46DE8}") = "Tests", "Tests", "{4FBD8D2D-EF24-464F-9C1D-159D110F8D7E}"
EndProject
Project("{2150E333-8FDC-42A3-9474-1A3956D46DE8}") = "SolutionSettings", "SolutionSettings", "{877E1FFA-1924-4B2E-987D-45AECE67ECC9}"
	ProjectSection(SolutionItems) = preProject
		Settings.StyleCop = Settings.StyleCop
	EndProjectSection
EndProject
Project("{FAE04EC0-301F-11D3-BF4B-00C04F79EFBC}") = "Weather.DAL", "Weather.DAL\Weather.DAL.csproj", "{B4BC38CD-7EFA-422D-8101-CDB27C8E34E3}"
EndProject
Project("{FAE04EC0-301F-11D3-BF4B-00C04F79EFBC}") = "Weather.AverageWeatherDescriptionCalculator", "Weather.AverageWeatherDescriptionCalculator\Weather.AverageWeatherDescriptionCalculator.csproj", "{DACA131A-FFFA-41AB-9BCF-644E291AF917}"
EndProject
Project("{FAE04EC0-301F-11D3-BF4B-00C04F79EFBC}") = "Weather.AverageWeatherDescriptionCalculator.Tests", "Weather.AverageWeatherDescriptionCalculator.Tests\Weather.AverageWeatherDescriptionCalculator.Tests.csproj", "{A632531A-1759-4800-83AB-1BC7D99A4963}"
EndProject
Project("{FAE04EC0-301F-11D3-BF4B-00C04F79EFBC}") = "Weather.Parser", "Weather.Parser\Weather.Parser.csproj", "{196287BA-530F-494E-840B-FA2D483B6110}"
EndProject
Project("{FAE04EC0-301F-11D3-BF4B-00C04F79EFBC}") = "Weather.Parser.Tests", "Weather.Parser.Tests\Weather.Parser.Tests.csproj", "{2D47CCCD-0C8A-42A8-8F56-8A363A83E98F}"
EndProject
Project("{FAE04EC0-301F-11D3-BF4B-00C04F79EFBC}") = "Weather.WindowsServiceParser", "Weather.WindowsServiceParser\Weather.WindowsServiceParser.csproj", "{221A3750-FD5B-4389-8614-3946C310DC25}"
EndProject
Project("{FAE04EC0-301F-11D3-BF4B-00C04F79EFBC}") = "Weather.Bootstrap", "Weather.Bootstrap\Weather.Bootstrap.csproj", "{EC580423-C914-41DF-B142-FB0E375CB643}"
EndProject
Project("{2150E333-8FDC-42A3-9474-1A3956D46DE8}") = "ServiceSetup", "ServiceSetup", "{D966176F-8834-4CF7-9025-34CEB6F97C66}"
EndProject
Project("{6141683F-8A12-4E36-9623-2EB02B2C2303}") = "Weather.WindowsServiceParser.Setup", "ServicesSetup\Weather.WindowsServiceParser.Setup\Weather.WindowsServiceParser.Setup.isproj", "{A055BEA1-E60D-4090-91B2-E36DC6D70779}"
	ProjectSection(ProjectDependencies) = postProject
		{221A3750-FD5B-4389-8614-3946C310DC25} = {221A3750-FD5B-4389-8614-3946C310DC25}
	EndProjectSection
EndProject
Project("{FAE04EC0-301F-11D3-BF4B-00C04F79EFBC}") = "Weather.Common", "Weather.Common\Weather.Common.csproj", "{3AC353A6-0B82-4715-84C0-E6A121875598}"
EndProject
Global
	GlobalSection(SolutionConfigurationPlatforms) = preSolution
		CD_ROM|Any CPU = CD_ROM|Any CPU
		Debug|Any CPU = Debug|Any CPU
		DVD-5|Any CPU = DVD-5|Any CPU
		Release|Any CPU = Release|Any CPU
		SingleImage|Any CPU = SingleImage|Any CPU
	EndGlobalSection
	GlobalSection(ProjectConfigurationPlatforms) = postSolution
		{B4BC38CD-7EFA-422D-8101-CDB27C8E34E3}.CD_ROM|Any CPU.ActiveCfg = Release|Any CPU
		{B4BC38CD-7EFA-422D-8101-CDB27C8E34E3}.CD_ROM|Any CPU.Build.0 = Release|Any CPU
		{B4BC38CD-7EFA-422D-8101-CDB27C8E34E3}.Debug|Any CPU.ActiveCfg = Debug|Any CPU
		{B4BC38CD-7EFA-422D-8101-CDB27C8E34E3}.Debug|Any CPU.Build.0 = Debug|Any CPU
		{B4BC38CD-7EFA-422D-8101-CDB27C8E34E3}.DVD-5|Any CPU.ActiveCfg = Debug|Any CPU
		{B4BC38CD-7EFA-422D-8101-CDB27C8E34E3}.DVD-5|Any CPU.Build.0 = Debug|Any CPU
		{B4BC38CD-7EFA-422D-8101-CDB27C8E34E3}.Release|Any CPU.ActiveCfg = Release|Any CPU
		{B4BC38CD-7EFA-422D-8101-CDB27C8E34E3}.Release|Any CPU.Build.0 = Release|Any CPU
		{B4BC38CD-7EFA-422D-8101-CDB27C8E34E3}.SingleImage|Any CPU.ActiveCfg = Release|Any CPU
		{B4BC38CD-7EFA-422D-8101-CDB27C8E34E3}.SingleImage|Any CPU.Build.0 = Release|Any CPU
		{DACA131A-FFFA-41AB-9BCF-644E291AF917}.CD_ROM|Any CPU.ActiveCfg = Release|Any CPU
		{DACA131A-FFFA-41AB-9BCF-644E291AF917}.CD_ROM|Any CPU.Build.0 = Release|Any CPU
		{DACA131A-FFFA-41AB-9BCF-644E291AF917}.Debug|Any CPU.ActiveCfg = Debug|Any CPU
		{DACA131A-FFFA-41AB-9BCF-644E291AF917}.Debug|Any CPU.Build.0 = Debug|Any CPU
		{DACA131A-FFFA-41AB-9BCF-644E291AF917}.DVD-5|Any CPU.ActiveCfg = Debug|Any CPU
		{DACA131A-FFFA-41AB-9BCF-644E291AF917}.DVD-5|Any CPU.Build.0 = Debug|Any CPU
		{DACA131A-FFFA-41AB-9BCF-644E291AF917}.Release|Any CPU.ActiveCfg = Release|Any CPU
		{DACA131A-FFFA-41AB-9BCF-644E291AF917}.Release|Any CPU.Build.0 = Release|Any CPU
		{DACA131A-FFFA-41AB-9BCF-644E291AF917}.SingleImage|Any CPU.ActiveCfg = Release|Any CPU
		{DACA131A-FFFA-41AB-9BCF-644E291AF917}.SingleImage|Any CPU.Build.0 = Release|Any CPU
		{A632531A-1759-4800-83AB-1BC7D99A4963}.CD_ROM|Any CPU.ActiveCfg = Release|Any CPU
		{A632531A-1759-4800-83AB-1BC7D99A4963}.CD_ROM|Any CPU.Build.0 = Release|Any CPU
		{A632531A-1759-4800-83AB-1BC7D99A4963}.Debug|Any CPU.ActiveCfg = Debug|Any CPU
		{A632531A-1759-4800-83AB-1BC7D99A4963}.Debug|Any CPU.Build.0 = Debug|Any CPU
		{A632531A-1759-4800-83AB-1BC7D99A4963}.DVD-5|Any CPU.ActiveCfg = Debug|Any CPU
		{A632531A-1759-4800-83AB-1BC7D99A4963}.DVD-5|Any CPU.Build.0 = Debug|Any CPU
		{A632531A-1759-4800-83AB-1BC7D99A4963}.Release|Any CPU.ActiveCfg = Release|Any CPU
		{A632531A-1759-4800-83AB-1BC7D99A4963}.Release|Any CPU.Build.0 = Release|Any CPU
		{A632531A-1759-4800-83AB-1BC7D99A4963}.SingleImage|Any CPU.ActiveCfg = Release|Any CPU
		{A632531A-1759-4800-83AB-1BC7D99A4963}.SingleImage|Any CPU.Build.0 = Release|Any CPU
		{196287BA-530F-494E-840B-FA2D483B6110}.CD_ROM|Any CPU.ActiveCfg = Release|Any CPU
		{196287BA-530F-494E-840B-FA2D483B6110}.CD_ROM|Any CPU.Build.0 = Release|Any CPU
		{196287BA-530F-494E-840B-FA2D483B6110}.Debug|Any CPU.ActiveCfg = Debug|Any CPU
		{196287BA-530F-494E-840B-FA2D483B6110}.Debug|Any CPU.Build.0 = Debug|Any CPU
		{196287BA-530F-494E-840B-FA2D483B6110}.DVD-5|Any CPU.ActiveCfg = Debug|Any CPU
		{196287BA-530F-494E-840B-FA2D483B6110}.DVD-5|Any CPU.Build.0 = Debug|Any CPU
		{196287BA-530F-494E-840B-FA2D483B6110}.Release|Any CPU.ActiveCfg = Release|Any CPU
		{196287BA-530F-494E-840B-FA2D483B6110}.Release|Any CPU.Build.0 = Release|Any CPU
		{196287BA-530F-494E-840B-FA2D483B6110}.SingleImage|Any CPU.ActiveCfg = Release|Any CPU
		{196287BA-530F-494E-840B-FA2D483B6110}.SingleImage|Any CPU.Build.0 = Release|Any CPU
		{2D47CCCD-0C8A-42A8-8F56-8A363A83E98F}.CD_ROM|Any CPU.ActiveCfg = Release|Any CPU
		{2D47CCCD-0C8A-42A8-8F56-8A363A83E98F}.CD_ROM|Any CPU.Build.0 = Release|Any CPU
		{2D47CCCD-0C8A-42A8-8F56-8A363A83E98F}.Debug|Any CPU.ActiveCfg = Debug|Any CPU
		{2D47CCCD-0C8A-42A8-8F56-8A363A83E98F}.Debug|Any CPU.Build.0 = Debug|Any CPU
		{2D47CCCD-0C8A-42A8-8F56-8A363A83E98F}.DVD-5|Any CPU.ActiveCfg = Debug|Any CPU
		{2D47CCCD-0C8A-42A8-8F56-8A363A83E98F}.DVD-5|Any CPU.Build.0 = Debug|Any CPU
		{2D47CCCD-0C8A-42A8-8F56-8A363A83E98F}.Release|Any CPU.ActiveCfg = Release|Any CPU
		{2D47CCCD-0C8A-42A8-8F56-8A363A83E98F}.Release|Any CPU.Build.0 = Release|Any CPU
		{2D47CCCD-0C8A-42A8-8F56-8A363A83E98F}.SingleImage|Any CPU.ActiveCfg = Release|Any CPU
		{2D47CCCD-0C8A-42A8-8F56-8A363A83E98F}.SingleImage|Any CPU.Build.0 = Release|Any CPU
		{221A3750-FD5B-4389-8614-3946C310DC25}.CD_ROM|Any CPU.ActiveCfg = Release|Any CPU
		{221A3750-FD5B-4389-8614-3946C310DC25}.CD_ROM|Any CPU.Build.0 = Release|Any CPU
		{221A3750-FD5B-4389-8614-3946C310DC25}.Debug|Any CPU.ActiveCfg = Debug|Any CPU
		{221A3750-FD5B-4389-8614-3946C310DC25}.Debug|Any CPU.Build.0 = Debug|Any CPU
		{221A3750-FD5B-4389-8614-3946C310DC25}.DVD-5|Any CPU.ActiveCfg = Debug|Any CPU
		{221A3750-FD5B-4389-8614-3946C310DC25}.DVD-5|Any CPU.Build.0 = Debug|Any CPU
		{221A3750-FD5B-4389-8614-3946C310DC25}.Release|Any CPU.ActiveCfg = Release|Any CPU
		{221A3750-FD5B-4389-8614-3946C310DC25}.Release|Any CPU.Build.0 = Release|Any CPU
		{221A3750-FD5B-4389-8614-3946C310DC25}.SingleImage|Any CPU.ActiveCfg = Release|Any CPU
		{221A3750-FD5B-4389-8614-3946C310DC25}.SingleImage|Any CPU.Build.0 = Release|Any CPU
		{EC580423-C914-41DF-B142-FB0E375CB643}.CD_ROM|Any CPU.ActiveCfg = Release|Any CPU
		{EC580423-C914-41DF-B142-FB0E375CB643}.CD_ROM|Any CPU.Build.0 = Release|Any CPU
		{EC580423-C914-41DF-B142-FB0E375CB643}.Debug|Any CPU.ActiveCfg = Debug|Any CPU
		{EC580423-C914-41DF-B142-FB0E375CB643}.Debug|Any CPU.Build.0 = Debug|Any CPU
		{EC580423-C914-41DF-B142-FB0E375CB643}.DVD-5|Any CPU.ActiveCfg = Debug|Any CPU
		{EC580423-C914-41DF-B142-FB0E375CB643}.DVD-5|Any CPU.Build.0 = Debug|Any CPU
		{EC580423-C914-41DF-B142-FB0E375CB643}.Release|Any CPU.ActiveCfg = Release|Any CPU
		{EC580423-C914-41DF-B142-FB0E375CB643}.Release|Any CPU.Build.0 = Release|Any CPU
		{EC580423-C914-41DF-B142-FB0E375CB643}.SingleImage|Any CPU.ActiveCfg = Release|Any CPU
		{EC580423-C914-41DF-B142-FB0E375CB643}.SingleImage|Any CPU.Build.0 = Release|Any CPU
		{A055BEA1-E60D-4090-91B2-E36DC6D70779}.CD_ROM|Any CPU.ActiveCfg = CD_ROM
		{A055BEA1-E60D-4090-91B2-E36DC6D70779}.CD_ROM|Any CPU.Build.0 = CD_ROM
		{A055BEA1-E60D-4090-91B2-E36DC6D70779}.Debug|Any CPU.ActiveCfg = DVD-5
		{A055BEA1-E60D-4090-91B2-E36DC6D70779}.Debug|Any CPU.Build.0 = DVD-5
		{A055BEA1-E60D-4090-91B2-E36DC6D70779}.DVD-5|Any CPU.ActiveCfg = DVD-5
		{A055BEA1-E60D-4090-91B2-E36DC6D70779}.DVD-5|Any CPU.Build.0 = DVD-5
		{A055BEA1-E60D-4090-91B2-E36DC6D70779}.Release|Any CPU.ActiveCfg = SingleImage
		{A055BEA1-E60D-4090-91B2-E36DC6D70779}.Release|Any CPU.Build.0 = SingleImage
		{A055BEA1-E60D-4090-91B2-E36DC6D70779}.SingleImage|Any CPU.ActiveCfg = SingleImage
		{A055BEA1-E60D-4090-91B2-E36DC6D70779}.SingleImage|Any CPU.Build.0 = SingleImage
		{3AC353A6-0B82-4715-84C0-E6A121875598}.CD_ROM|Any CPU.ActiveCfg = Release|Any CPU
		{3AC353A6-0B82-4715-84C0-E6A121875598}.CD_ROM|Any CPU.Build.0 = Release|Any CPU
		{3AC353A6-0B82-4715-84C0-E6A121875598}.Debug|Any CPU.ActiveCfg = Debug|Any CPU
		{3AC353A6-0B82-4715-84C0-E6A121875598}.Debug|Any CPU.Build.0 = Debug|Any CPU
		{3AC353A6-0B82-4715-84C0-E6A121875598}.DVD-5|Any CPU.ActiveCfg = Debug|Any CPU
		{3AC353A6-0B82-4715-84C0-E6A121875598}.DVD-5|Any CPU.Build.0 = Debug|Any CPU
		{3AC353A6-0B82-4715-84C0-E6A121875598}.Release|Any CPU.ActiveCfg = Release|Any CPU
		{3AC353A6-0B82-4715-84C0-E6A121875598}.Release|Any CPU.Build.0 = Release|Any CPU
		{3AC353A6-0B82-4715-84C0-E6A121875598}.SingleImage|Any CPU.ActiveCfg = Release|Any CPU
		{3AC353A6-0B82-4715-84C0-E6A121875598}.SingleImage|Any CPU.Build.0 = Release|Any CPU
	EndGlobalSection
	GlobalSection(SolutionProperties) = preSolution
		HideSolutionNode = FALSE
	EndGlobalSection
	GlobalSection(NestedProjects) = preSolution
		{A632531A-1759-4800-83AB-1BC7D99A4963} = {4FBD8D2D-EF24-464F-9C1D-159D110F8D7E}
		{2D47CCCD-0C8A-42A8-8F56-8A363A83E98F} = {4FBD8D2D-EF24-464F-9C1D-159D110F8D7E}
		{A055BEA1-E60D-4090-91B2-E36DC6D70779} = {D966176F-8834-4CF7-9025-34CEB6F97C66}
	EndGlobalSection
EndGlobal
